// !$*UTF8*$!
{
	archiveVersion = 1;
	classes = {
	};
	objectVersion = 56;
	objects = {

/* Begin PBXBuildFile section */
		9319F6DD2B8D4E96002842CD /* NetworkManager.swift in Sources */ = {isa = PBXBuildFile; fileRef = 9319F6DC2B8D4E96002842CD /* NetworkManager.swift */; };
		9319F6E02B8D4F63002842CD /* Season.swift in Sources */ = {isa = PBXBuildFile; fileRef = 9319F6DF2B8D4F63002842CD /* Season.swift */; };
		9319F6E32B8D52AA002842CD /* PVError.swift in Sources */ = {isa = PBXBuildFile; fileRef = 9319F6E22B8D52AA002842CD /* PVError.swift */; };
		9319F6E52B8D5457002842CD /* PVMainViewModel.swift in Sources */ = {isa = PBXBuildFile; fileRef = 9319F6E42B8D5457002842CD /* PVMainViewModel.swift */; };
		9319F6E82B8D5A08002842CD /* LoadingView.swift in Sources */ = {isa = PBXBuildFile; fileRef = 9319F6E72B8D5A08002842CD /* LoadingView.swift */; };
		9319F6EB2B8D6130002842CD /* MRData.swift in Sources */ = {isa = PBXBuildFile; fileRef = 9319F6EA2B8D6130002842CD /* MRData.swift */; };
		9319F6ED2B8D6142002842CD /* RaceTable.swift in Sources */ = {isa = PBXBuildFile; fileRef = 9319F6EC2B8D6142002842CD /* RaceTable.swift */; };
		9319F6EF2B8D615B002842CD /* Race.swift in Sources */ = {isa = PBXBuildFile; fileRef = 9319F6EE2B8D615B002842CD /* Race.swift */; };
		9319F6F12B8D63B0002842CD /* Alert.swift in Sources */ = {isa = PBXBuildFile; fileRef = 9319F6F02B8D63B0002842CD /* Alert.swift */; };
		931B1B362B8FD8A200B13D99 /* Constructor.swift in Sources */ = {isa = PBXBuildFile; fileRef = 931B1B352B8FD8A200B13D99 /* Constructor.swift */; };
		931B1B382B8FD8C300B13D99 /* Driver.swift in Sources */ = {isa = PBXBuildFile; fileRef = 931B1B372B8FD8C300B13D99 /* Driver.swift */; };
		931B1B3A2B8FD90000B13D99 /* StandingsTable.swift in Sources */ = {isa = PBXBuildFile; fileRef = 931B1B392B8FD90000B13D99 /* StandingsTable.swift */; };
		93394D902B8A5B8A003ABB24 /* PVTabView.swift in Sources */ = {isa = PBXBuildFile; fileRef = 93394D8F2B8A5B8A003ABB24 /* PVTabView.swift */; };
		935265FB2B8A36A000580459 /* PitViewApp.swift in Sources */ = {isa = PBXBuildFile; fileRef = 935265FA2B8A36A000580459 /* PitViewApp.swift */; };
		935265FF2B8A36A200580459 /* Assets.xcassets in Resources */ = {isa = PBXBuildFile; fileRef = 935265FE2B8A36A200580459 /* Assets.xcassets */; };
		935266022B8A36A200580459 /* Preview Assets.xcassets in Resources */ = {isa = PBXBuildFile; fileRef = 935266012B8A36A200580459 /* Preview Assets.xcassets */; };
		936184A42B90CF1600E3CF20 /* DriverDetailsView.swift in Sources */ = {isa = PBXBuildFile; fileRef = 936184A32B90CF1600E3CF20 /* DriverDetailsView.swift */; };
		937C3FF42B8A5CF100AD50BA /* PVAboutView.swift in Sources */ = {isa = PBXBuildFile; fileRef = 937C3FF32B8A5CF100AD50BA /* PVAboutView.swift */; };
		937C3FF72B8A5EC700AD50BA /* PVMainView.swift in Sources */ = {isa = PBXBuildFile; fileRef = 937C3FF62B8A5EC700AD50BA /* PVMainView.swift */; };
		937C3FFA2B8A5F7C00AD50BA /* PVDriversView.swift in Sources */ = {isa = PBXBuildFile; fileRef = 937C3FF92B8A5F7C00AD50BA /* PVDriversView.swift */; };
		937C3FFD2B8A5F9700AD50BA /* PVTracksView.swift in Sources */ = {isa = PBXBuildFile; fileRef = 937C3FFC2B8A5F9700AD50BA /* PVTracksView.swift */; };
		937C40002B8A623900AD50BA /* PVSeasonsView.swift in Sources */ = {isa = PBXBuildFile; fileRef = 937C3FFF2B8A623900AD50BA /* PVSeasonsView.swift */; };
/* End PBXBuildFile section */

/* Begin PBXFileReference section */
		9319F6DC2B8D4E96002842CD /* NetworkManager.swift */ = {isa = PBXFileReference; lastKnownFileType = sourcecode.swift; path = NetworkManager.swift; sourceTree = "<group>"; };
		9319F6DF2B8D4F63002842CD /* Season.swift */ = {isa = PBXFileReference; lastKnownFileType = sourcecode.swift; path = Season.swift; sourceTree = "<group>"; };
		9319F6E22B8D52AA002842CD /* PVError.swift */ = {isa = PBXFileReference; lastKnownFileType = sourcecode.swift; path = PVError.swift; sourceTree = "<group>"; };
		9319F6E42B8D5457002842CD /* PVMainViewModel.swift */ = {isa = PBXFileReference; lastKnownFileType = sourcecode.swift; path = PVMainViewModel.swift; sourceTree = "<group>"; };
		9319F6E72B8D5A08002842CD /* LoadingView.swift */ = {isa = PBXFileReference; lastKnownFileType = sourcecode.swift; path = LoadingView.swift; sourceTree = "<group>"; };
		9319F6EA2B8D6130002842CD /* MRData.swift */ = {isa = PBXFileReference; lastKnownFileType = sourcecode.swift; path = MRData.swift; sourceTree = "<group>"; };
		9319F6EC2B8D6142002842CD /* RaceTable.swift */ = {isa = PBXFileReference; lastKnownFileType = sourcecode.swift; path = RaceTable.swift; sourceTree = "<group>"; };
		9319F6EE2B8D615B002842CD /* Race.swift */ = {isa = PBXFileReference; lastKnownFileType = sourcecode.swift; path = Race.swift; sourceTree = "<group>"; };
		9319F6F02B8D63B0002842CD /* Alert.swift */ = {isa = PBXFileReference; lastKnownFileType = sourcecode.swift; path = Alert.swift; sourceTree = "<group>"; };
		931B1B352B8FD8A200B13D99 /* Constructor.swift */ = {isa = PBXFileReference; lastKnownFileType = sourcecode.swift; path = Constructor.swift; sourceTree = "<group>"; };
		931B1B372B8FD8C300B13D99 /* Driver.swift */ = {isa = PBXFileReference; lastKnownFileType = sourcecode.swift; path = Driver.swift; sourceTree = "<group>"; };
		931B1B392B8FD90000B13D99 /* StandingsTable.swift */ = {isa = PBXFileReference; lastKnownFileType = sourcecode.swift; path = StandingsTable.swift; sourceTree = "<group>"; };
		93394D8F2B8A5B8A003ABB24 /* PVTabView.swift */ = {isa = PBXFileReference; lastKnownFileType = sourcecode.swift; path = PVTabView.swift; sourceTree = "<group>"; };
		935265F72B8A36A000580459 /* PitView.app */ = {isa = PBXFileReference; explicitFileType = wrapper.application; includeInIndex = 0; path = PitView.app; sourceTree = BUILT_PRODUCTS_DIR; };
		935265FA2B8A36A000580459 /* PitViewApp.swift */ = {isa = PBXFileReference; lastKnownFileType = sourcecode.swift; path = PitViewApp.swift; sourceTree = "<group>"; };
		935265FE2B8A36A200580459 /* Assets.xcassets */ = {isa = PBXFileReference; lastKnownFileType = folder.assetcatalog; path = Assets.xcassets; sourceTree = "<group>"; };
		935266012B8A36A200580459 /* Preview Assets.xcassets */ = {isa = PBXFileReference; lastKnownFileType = folder.assetcatalog; path = "Preview Assets.xcassets"; sourceTree = "<group>"; };
		936184A32B90CF1600E3CF20 /* DriverDetailsView.swift */ = {isa = PBXFileReference; lastKnownFileType = sourcecode.swift; path = DriverDetailsView.swift; sourceTree = "<group>"; };
		937C3FF32B8A5CF100AD50BA /* PVAboutView.swift */ = {isa = PBXFileReference; lastKnownFileType = sourcecode.swift; path = PVAboutView.swift; sourceTree = "<group>"; };
		937C3FF62B8A5EC700AD50BA /* PVMainView.swift */ = {isa = PBXFileReference; lastKnownFileType = sourcecode.swift; path = PVMainView.swift; sourceTree = "<group>"; };
		937C3FF92B8A5F7C00AD50BA /* PVDriversView.swift */ = {isa = PBXFileReference; lastKnownFileType = sourcecode.swift; path = PVDriversView.swift; sourceTree = "<group>"; };
		937C3FFC2B8A5F9700AD50BA /* PVTracksView.swift */ = {isa = PBXFileReference; lastKnownFileType = sourcecode.swift; path = PVTracksView.swift; sourceTree = "<group>"; };
		937C3FFF2B8A623900AD50BA /* PVSeasonsView.swift */ = {isa = PBXFileReference; lastKnownFileType = sourcecode.swift; path = PVSeasonsView.swift; sourceTree = "<group>"; };
/* End PBXFileReference section */

/* Begin PBXFrameworksBuildPhase section */
		935265F42B8A36A000580459 /* Frameworks */ = {
			isa = PBXFrameworksBuildPhase;
			buildActionMask = 2147483647;
			files = (
			);
			runOnlyForDeploymentPostprocessing = 0;
		};
/* End PBXFrameworksBuildPhase section */

/* Begin PBXGroup section */
		9319F6DB2B8D4E87002842CD /* Utilities */ = {
			isa = PBXGroup;
			children = (
				9319F6E12B8D529B002842CD /* Alerts */,
				9319F6DC2B8D4E96002842CD /* NetworkManager.swift */,
			);
			path = Utilities;
			sourceTree = "<group>";
		};
		9319F6DE2B8D4F53002842CD /* Model */ = {
			isa = PBXGroup;
			children = (
				9319F6E92B8D610B002842CD /* Ergast */,
				9319F6DF2B8D4F63002842CD /* Season.swift */,
				9319F6EE2B8D615B002842CD /* Race.swift */,
				931B1B352B8FD8A200B13D99 /* Constructor.swift */,
				931B1B372B8FD8C300B13D99 /* Driver.swift */,
			);
			path = Model;
			sourceTree = "<group>";
		};
		9319F6E12B8D529B002842CD /* Alerts */ = {
			isa = PBXGroup;
			children = (
				9319F6E22B8D52AA002842CD /* PVError.swift */,
				9319F6F02B8D63B0002842CD /* Alert.swift */,
			);
			path = Alerts;
			sourceTree = "<group>";
		};
		9319F6E92B8D610B002842CD /* Ergast */ = {
			isa = PBXGroup;
			children = (
				9319F6EA2B8D6130002842CD /* MRData.swift */,
				931B1B392B8FD90000B13D99 /* StandingsTable.swift */,
				9319F6EC2B8D6142002842CD /* RaceTable.swift */,
			);
			path = Ergast;
			sourceTree = "<group>";
		};
		93394D8D2B8A5AFC003ABB24 /* Views */ = {
			isa = PBXGroup;
			children = (
				9319F6E72B8D5A08002842CD /* LoadingView.swift */,
				936184A32B90CF1600E3CF20 /* DriverDetailsView.swift */,
			);
			path = Views;
			sourceTree = "<group>";
		};
		93394D8E2B8A5B04003ABB24 /* Screens */ = {
			isa = PBXGroup;
			children = (
				937C3FFE2B8A621100AD50BA /* PVSeasonsView */,
				937C3FFB2B8A5F8500AD50BA /* PVTracksView */,
				937C3FF82B8A5F4A00AD50BA /* PVDriversView */,
				937C3FF52B8A5E3900AD50BA /* PVMainView */,
				937C3FF22B8A5CC000AD50BA /* PVAboutView */,
				93394D8F2B8A5B8A003ABB24 /* PVTabView.swift */,
			);
			path = Screens;
			sourceTree = "<group>";
		};
		935265EE2B8A36A000580459 = {
			isa = PBXGroup;
			children = (
				935265F92B8A36A000580459 /* PitView */,
				935265F82B8A36A000580459 /* Products */,
			);
			sourceTree = "<group>";
		};
		935265F82B8A36A000580459 /* Products */ = {
			isa = PBXGroup;
			children = (
				935265F72B8A36A000580459 /* PitView.app */,
			);
			name = Products;
			sourceTree = "<group>";
		};
		935265F92B8A36A000580459 /* PitView */ = {
			isa = PBXGroup;
			children = (
				9319F6DE2B8D4F53002842CD /* Model */,
				9319F6DB2B8D4E87002842CD /* Utilities */,
				93394D8E2B8A5B04003ABB24 /* Screens */,
				93394D8D2B8A5AFC003ABB24 /* Views */,
				935265FA2B8A36A000580459 /* PitViewApp.swift */,
				935265FE2B8A36A200580459 /* Assets.xcassets */,
				935266002B8A36A200580459 /* Preview Content */,
			);
			path = PitView;
			sourceTree = "<group>";
		};
		935266002B8A36A200580459 /* Preview Content */ = {
			isa = PBXGroup;
			children = (
				935266012B8A36A200580459 /* Preview Assets.xcassets */,
			);
			path = "Preview Content";
			sourceTree = "<group>";
		};
		937C3FF22B8A5CC000AD50BA /* PVAboutView */ = {
			isa = PBXGroup;
			children = (
				937C3FF32B8A5CF100AD50BA /* PVAboutView.swift */,
			);
			path = PVAboutView;
			sourceTree = "<group>";
		};
		937C3FF52B8A5E3900AD50BA /* PVMainView */ = {
			isa = PBXGroup;
			children = (
				937C3FF62B8A5EC700AD50BA /* PVMainView.swift */,
				9319F6E42B8D5457002842CD /* PVMainViewModel.swift */,
			);
			path = PVMainView;
			sourceTree = "<group>";
		};
		937C3FF82B8A5F4A00AD50BA /* PVDriversView */ = {
			isa = PBXGroup;
			children = (
				937C3FF92B8A5F7C00AD50BA /* PVDriversView.swift */,
			);
			path = PVDriversView;
			sourceTree = "<group>";
		};
		937C3FFB2B8A5F8500AD50BA /* PVTracksView */ = {
			isa = PBXGroup;
			children = (
				937C3FFC2B8A5F9700AD50BA /* PVTracksView.swift */,
			);
			path = PVTracksView;
			sourceTree = "<group>";
		};
		937C3FFE2B8A621100AD50BA /* PVSeasonsView */ = {
			isa = PBXGroup;
			children = (
				937C3FFF2B8A623900AD50BA /* PVSeasonsView.swift */,
			);
			path = PVSeasonsView;
			sourceTree = "<group>";
		};
/* End PBXGroup section */

/* Begin PBXNativeTarget section */
		935265F62B8A36A000580459 /* PitView */ = {
			isa = PBXNativeTarget;
			buildConfigurationList = 935266052B8A36A200580459 /* Build configuration list for PBXNativeTarget "PitView" */;
			buildPhases = (
				935265F32B8A36A000580459 /* Sources */,
				935265F42B8A36A000580459 /* Frameworks */,
				935265F52B8A36A000580459 /* Resources */,
			);
			buildRules = (
			);
			dependencies = (
			);
			name = PitView;
			productName = pitview;
			productReference = 935265F72B8A36A000580459 /* PitView.app */;
			productType = "com.apple.product-type.application";
		};
/* End PBXNativeTarget section */

/* Begin PBXProject section */
		935265EF2B8A36A000580459 /* Project object */ = {
			isa = PBXProject;
			attributes = {
				BuildIndependentTargetsInParallel = 1;
				LastSwiftUpdateCheck = 1520;
				LastUpgradeCheck = 1520;
				TargetAttributes = {
					935265F62B8A36A000580459 = {
						CreatedOnToolsVersion = 15.2;
					};
				};
			};
			buildConfigurationList = 935265F22B8A36A000580459 /* Build configuration list for PBXProject "PitView" */;
			compatibilityVersion = "Xcode 14.0";
			developmentRegion = en;
			hasScannedForEncodings = 0;
			knownRegions = (
				en,
				Base,
			);
			mainGroup = 935265EE2B8A36A000580459;
			productRefGroup = 935265F82B8A36A000580459 /* Products */;
			projectDirPath = "";
			projectRoot = "";
			targets = (
				935265F62B8A36A000580459 /* PitView */,
			);
		};
/* End PBXProject section */

/* Begin PBXResourcesBuildPhase section */
		935265F52B8A36A000580459 /* Resources */ = {
			isa = PBXResourcesBuildPhase;
			buildActionMask = 2147483647;
			files = (
				935266022B8A36A200580459 /* Preview Assets.xcassets in Resources */,
				935265FF2B8A36A200580459 /* Assets.xcassets in Resources */,
			);
			runOnlyForDeploymentPostprocessing = 0;
		};
/* End PBXResourcesBuildPhase section */

/* Begin PBXSourcesBuildPhase section */
		935265F32B8A36A000580459 /* Sources */ = {
			isa = PBXSourcesBuildPhase;
			buildActionMask = 2147483647;
			files = (
				93394D902B8A5B8A003ABB24 /* PVTabView.swift in Sources */,
				9319F6E52B8D5457002842CD /* PVMainViewModel.swift in Sources */,
				9319F6E02B8D4F63002842CD /* Season.swift in Sources */,
				936184A42B90CF1600E3CF20 /* DriverDetailsView.swift in Sources */,
				9319F6EB2B8D6130002842CD /* MRData.swift in Sources */,
				9319F6EF2B8D615B002842CD /* Race.swift in Sources */,
				937C3FF72B8A5EC700AD50BA /* PVMainView.swift in Sources */,
				931B1B3A2B8FD90000B13D99 /* StandingsTable.swift in Sources */,
				937C3FFD2B8A5F9700AD50BA /* PVTracksView.swift in Sources */,
				9319F6E82B8D5A08002842CD /* LoadingView.swift in Sources */,
				937C40002B8A623900AD50BA /* PVSeasonsView.swift in Sources */,
				9319F6DD2B8D4E96002842CD /* NetworkManager.swift in Sources */,
				937C3FF42B8A5CF100AD50BA /* PVAboutView.swift in Sources */,
				931B1B362B8FD8A200B13D99 /* Constructor.swift in Sources */,
				937C3FFA2B8A5F7C00AD50BA /* PVDriversView.swift in Sources */,
				9319F6E32B8D52AA002842CD /* PVError.swift in Sources */,
				9319F6ED2B8D6142002842CD /* RaceTable.swift in Sources */,
				931B1B382B8FD8C300B13D99 /* Driver.swift in Sources */,
				9319F6F12B8D63B0002842CD /* Alert.swift in Sources */,
				935265FB2B8A36A000580459 /* PitViewApp.swift in Sources */,
			);
			runOnlyForDeploymentPostprocessing = 0;
		};
/* End PBXSourcesBuildPhase section */

/* Begin XCBuildConfiguration section */
		935266032B8A36A200580459 /* Debug */ = {
			isa = XCBuildConfiguration;
			buildSettings = {
				ALWAYS_SEARCH_USER_PATHS = NO;
				ASSETCATALOG_COMPILER_GENERATE_SWIFT_ASSET_SYMBOL_EXTENSIONS = YES;
				CLANG_ANALYZER_NONNULL = YES;
				CLANG_ANALYZER_NUMBER_OBJECT_CONVERSION = YES_AGGRESSIVE;
				CLANG_CXX_LANGUAGE_STANDARD = "gnu++20";
				CLANG_ENABLE_MODULES = YES;
				CLANG_ENABLE_OBJC_ARC = YES;
				CLANG_ENABLE_OBJC_WEAK = YES;
				CLANG_WARN_BLOCK_CAPTURE_AUTORELEASING = YES;
				CLANG_WARN_BOOL_CONVERSION = YES;
				CLANG_WARN_COMMA = YES;
				CLANG_WARN_CONSTANT_CONVERSION = YES;
				CLANG_WARN_DEPRECATED_OBJC_IMPLEMENTATIONS = YES;
				CLANG_WARN_DIRECT_OBJC_ISA_USAGE = YES_ERROR;
				CLANG_WARN_DOCUMENTATION_COMMENTS = YES;
				CLANG_WARN_EMPTY_BODY = YES;
				CLANG_WARN_ENUM_CONVERSION = YES;
				CLANG_WARN_INFINITE_RECURSION = YES;
				CLANG_WARN_INT_CONVERSION = YES;
				CLANG_WARN_NON_LITERAL_NULL_CONVERSION = YES;
				CLANG_WARN_OBJC_IMPLICIT_RETAIN_SELF = YES;
				CLANG_WARN_OBJC_LITERAL_CONVERSION = YES;
				CLANG_WARN_OBJC_ROOT_CLASS = YES_ERROR;
				CLANG_WARN_QUOTED_INCLUDE_IN_FRAMEWORK_HEADER = YES;
				CLANG_WARN_RANGE_LOOP_ANALYSIS = YES;
				CLANG_WARN_STRICT_PROTOTYPES = YES;
				CLANG_WARN_SUSPICIOUS_MOVE = YES;
				CLANG_WARN_UNGUARDED_AVAILABILITY = YES_AGGRESSIVE;
				CLANG_WARN_UNREACHABLE_CODE = YES;
				CLANG_WARN__DUPLICATE_METHOD_MATCH = YES;
				COPY_PHASE_STRIP = NO;
				DEBUG_INFORMATION_FORMAT = dwarf;
				ENABLE_STRICT_OBJC_MSGSEND = YES;
				ENABLE_TESTABILITY = YES;
				ENABLE_USER_SCRIPT_SANDBOXING = YES;
				GCC_C_LANGUAGE_STANDARD = gnu17;
				GCC_DYNAMIC_NO_PIC = NO;
				GCC_NO_COMMON_BLOCKS = YES;
				GCC_OPTIMIZATION_LEVEL = 0;
				GCC_PREPROCESSOR_DEFINITIONS = (
					"DEBUG=1",
					"$(inherited)",
				);
				GCC_WARN_64_TO_32_BIT_CONVERSION = YES;
				GCC_WARN_ABOUT_RETURN_TYPE = YES_ERROR;
				GCC_WARN_UNDECLARED_SELECTOR = YES;
				GCC_WARN_UNINITIALIZED_AUTOS = YES_AGGRESSIVE;
				GCC_WARN_UNUSED_FUNCTION = YES;
				GCC_WARN_UNUSED_VARIABLE = YES;
				IPHONEOS_DEPLOYMENT_TARGET = 17.2;
				LOCALIZATION_PREFERS_STRING_CATALOGS = YES;
				MTL_ENABLE_DEBUG_INFO = INCLUDE_SOURCE;
				MTL_FAST_MATH = YES;
				ONLY_ACTIVE_ARCH = YES;
				SDKROOT = iphoneos;
				SWIFT_ACTIVE_COMPILATION_CONDITIONS = "DEBUG $(inherited)";
				SWIFT_OPTIMIZATION_LEVEL = "-Onone";
			};
			name = Debug;
		};
		935266042B8A36A200580459 /* Release */ = {
			isa = XCBuildConfiguration;
			buildSettings = {
				ALWAYS_SEARCH_USER_PATHS = NO;
				ASSETCATALOG_COMPILER_GENERATE_SWIFT_ASSET_SYMBOL_EXTENSIONS = YES;
				CLANG_ANALYZER_NONNULL = YES;
				CLANG_ANALYZER_NUMBER_OBJECT_CONVERSION = YES_AGGRESSIVE;
				CLANG_CXX_LANGUAGE_STANDARD = "gnu++20";
				CLANG_ENABLE_MODULES = YES;
				CLANG_ENABLE_OBJC_ARC = YES;
				CLANG_ENABLE_OBJC_WEAK = YES;
				CLANG_WARN_BLOCK_CAPTURE_AUTORELEASING = YES;
				CLANG_WARN_BOOL_CONVERSION = YES;
				CLANG_WARN_COMMA = YES;
				CLANG_WARN_CONSTANT_CONVERSION = YES;
				CLANG_WARN_DEPRECATED_OBJC_IMPLEMENTATIONS = YES;
				CLANG_WARN_DIRECT_OBJC_ISA_USAGE = YES_ERROR;
				CLANG_WARN_DOCUMENTATION_COMMENTS = YES;
				CLANG_WARN_EMPTY_BODY = YES;
				CLANG_WARN_ENUM_CONVERSION = YES;
				CLANG_WARN_INFINITE_RECURSION = YES;
				CLANG_WARN_INT_CONVERSION = YES;
				CLANG_WARN_NON_LITERAL_NULL_CONVERSION = YES;
				CLANG_WARN_OBJC_IMPLICIT_RETAIN_SELF = YES;
				CLANG_WARN_OBJC_LITERAL_CONVERSION = YES;
				CLANG_WARN_OBJC_ROOT_CLASS = YES_ERROR;
				CLANG_WARN_QUOTED_INCLUDE_IN_FRAMEWORK_HEADER = YES;
				CLANG_WARN_RANGE_LOOP_ANALYSIS = YES;
				CLANG_WARN_STRICT_PROTOTYPES = YES;
				CLANG_WARN_SUSPICIOUS_MOVE = YES;
				CLANG_WARN_UNGUARDED_AVAILABILITY = YES_AGGRESSIVE;
				CLANG_WARN_UNREACHABLE_CODE = YES;
				CLANG_WARN__DUPLICATE_METHOD_MATCH = YES;
				COPY_PHASE_STRIP = NO;
				DEBUG_INFORMATION_FORMAT = "dwarf-with-dsym";
				ENABLE_NS_ASSERTIONS = NO;
				ENABLE_STRICT_OBJC_MSGSEND = YES;
				ENABLE_USER_SCRIPT_SANDBOXING = YES;
				GCC_C_LANGUAGE_STANDARD = gnu17;
				GCC_NO_COMMON_BLOCKS = YES;
				GCC_WARN_64_TO_32_BIT_CONVERSION = YES;
				GCC_WARN_ABOUT_RETURN_TYPE = YES_ERROR;
				GCC_WARN_UNDECLARED_SELECTOR = YES;
				GCC_WARN_UNINITIALIZED_AUTOS = YES_AGGRESSIVE;
				GCC_WARN_UNUSED_FUNCTION = YES;
				GCC_WARN_UNUSED_VARIABLE = YES;
				IPHONEOS_DEPLOYMENT_TARGET = 17.2;
				LOCALIZATION_PREFERS_STRING_CATALOGS = YES;
				MTL_ENABLE_DEBUG_INFO = NO;
				MTL_FAST_MATH = YES;
				SDKROOT = iphoneos;
				SWIFT_COMPILATION_MODE = wholemodule;
				VALIDATE_PRODUCT = YES;
			};
			name = Release;
		};
		935266062B8A36A200580459 /* Debug */ = {
			isa = XCBuildConfiguration;
			buildSettings = {
				ASSETCATALOG_COMPILER_APPICON_NAME = AppIcon;
				ASSETCATALOG_COMPILER_GLOBAL_ACCENT_COLOR_NAME = AccentColor;
				CODE_SIGN_STYLE = Automatic;
				CURRENT_PROJECT_VERSION = 1;
				DEVELOPMENT_ASSET_PATHS = "\"pitview/Preview Content\"";
				DEVELOPMENT_TEAM = J3YBPSUMKU;
				ENABLE_PREVIEWS = YES;
				GENERATE_INFOPLIST_FILE = YES;
				INFOPLIST_KEY_UIApplicationSceneManifest_Generation = YES;
				INFOPLIST_KEY_UIApplicationSupportsIndirectInputEvents = YES;
				INFOPLIST_KEY_UILaunchScreen_Generation = YES;
				INFOPLIST_KEY_UISupportedInterfaceOrientations_iPad = "UIInterfaceOrientationPortrait UIInterfaceOrientationPortraitUpsideDown UIInterfaceOrientationLandscapeLeft UIInterfaceOrientationLandscapeRight";
				INFOPLIST_KEY_UISupportedInterfaceOrientations_iPhone = "UIInterfaceOrientationPortrait UIInterfaceOrientationLandscapeLeft UIInterfaceOrientationLandscapeRight";
				LD_RUNPATH_SEARCH_PATHS = (
					"$(inherited)",
					"@executable_path/Frameworks",
				);
				MARKETING_VERSION = 1.0;
				PRODUCT_BUNDLE_IDENTIFIER = it.nicolasguarini.pitview;
				PRODUCT_NAME = "$(TARGET_NAME)";
				SWIFT_EMIT_LOC_STRINGS = YES;
				SWIFT_VERSION = 5.0;
				TARGETED_DEVICE_FAMILY = "1,2";
			};
			name = Debug;
		};
		935266072B8A36A200580459 /* Release */ = {
			isa = XCBuildConfiguration;
			buildSettings = {
				ASSETCATALOG_COMPILER_APPICON_NAME = AppIcon;
				ASSETCATALOG_COMPILER_GLOBAL_ACCENT_COLOR_NAME = AccentColor;
				CODE_SIGN_STYLE = Automatic;
				CURRENT_PROJECT_VERSION = 1;
				DEVELOPMENT_ASSET_PATHS = "\"pitview/Preview Content\"";
				DEVELOPMENT_TEAM = J3YBPSUMKU;
				ENABLE_PREVIEWS = YES;
				GENERATE_INFOPLIST_FILE = YES;
				INFOPLIST_KEY_UIApplicationSceneManifest_Generation = YES;
				INFOPLIST_KEY_UIApplicationSupportsIndirectInputEvents = YES;
				INFOPLIST_KEY_UILaunchScreen_Generation = YES;
				INFOPLIST_KEY_UISupportedInterfaceOrientations_iPad = "UIInterfaceOrientationPortrait UIInterfaceOrientationPortraitUpsideDown UIInterfaceOrientationLandscapeLeft UIInterfaceOrientationLandscapeRight";
				INFOPLIST_KEY_UISupportedInterfaceOrientations_iPhone = "UIInterfaceOrientationPortrait UIInterfaceOrientationLandscapeLeft UIInterfaceOrientationLandscapeRight";
				LD_RUNPATH_SEARCH_PATHS = (
					"$(inherited)",
					"@executable_path/Frameworks",
				);
				MARKETING_VERSION = 1.0;
				PRODUCT_BUNDLE_IDENTIFIER = it.nicolasguarini.pitview;
				PRODUCT_NAME = "$(TARGET_NAME)";
				SWIFT_EMIT_LOC_STRINGS = YES;
				SWIFT_VERSION = 5.0;
				TARGETED_DEVICE_FAMILY = "1,2";
			};
			name = Release;
		};
/* End XCBuildConfiguration section */

/* Begin XCConfigurationList section */
		935265F22B8A36A000580459 /* Build configuration list for PBXProject "PitView" */ = {
			isa = XCConfigurationList;
			buildConfigurations = (
				935266032B8A36A200580459 /* Debug */,
				935266042B8A36A200580459 /* Release */,
			);
			defaultConfigurationIsVisible = 0;
			defaultConfigurationName = Release;
		};
		935266052B8A36A200580459 /* Build configuration list for PBXNativeTarget "PitView" */ = {
			isa = XCConfigurationList;
			buildConfigurations = (
				935266062B8A36A200580459 /* Debug */,
				935266072B8A36A200580459 /* Release */,
			);
			defaultConfigurationIsVisible = 0;
			defaultConfigurationName = Release;
		};
/* End XCConfigurationList section */
	};
	rootObject = 935265EF2B8A36A000580459 /* Project object */;
}
